{
  "name": "exu-scrape",
  "version": "1.0.0",
  "lockfileVersion": 2,
  "requires": true,
  "packages": {
    "": {
      "name": "exu-scrape",
      "version": "1.0.0",
      "license": "ISC",
      "dependencies": {
        "flowo": "^1.0.0"
      }
    },
    "node_modules/flowo": {
      "version": "1.0.0",
      "resolved": "https://registry.npmjs.org/flowo/-/flowo-1.0.0.tgz",
      "integrity": "sha512-Q6epYIizkjSP41c5iTuHunFvmGjVUbuZzJSm1R20uqEW725LElf3OXNsL0B+mYrs1pS1jZsdHz7NEvu0S6cUWQ=="
    }
  },
  "dependencies": {
    "flowo": {
      "version": "1.0.0",
      "resolved": "https://registry.npmjs.org/flowo/-/flowo-1.0.0.tgz",
      "integrity": "sha512-Q6epYIizkjSP41c5iTuHunFvmGjVUbuZzJSm1R20uqEW725LElf3OXNsL0B+mYrs1pS1jZsdHz7NEvu0S6cUWQ=="
    }
  }
}
